
Microsoft Visual Studio Solution File, Format Version 12.00
# Visual Studio Version 17
VisualStudioVersion = 17.1.32210.238
MinimumVisualStudioVersion = 10.0.40219.1
Project("{FAE04EC0-301F-11D3-BF4B-00C04F79EFBC}") = "HRapplication", "HRapplication\HRapplication.csproj", "{B6EBC720-D6C5-43BA-BF8B-F237CAA2FA3B}"
EndProject
Global
	GlobalSection(SolutionConfigurationPlatforms) = preSolution
		Debug|Any CPU = Debug|Any CPU
		Release|Any CPU = Release|Any CPU
	EndGlobalSection
	GlobalSection(ProjectConfigurationPlatforms) = postSolution
		{B6EBC720-D6C5-43BA-BF8B-F237CAA2FA3B}.Debug|Any CPU.ActiveCfg = Debug|Any CPU
		{B6EBC720-D6C5-43BA-BF8B-F237CAA2FA3B}.Debug|Any CPU.Build.0 = Debug|Any CPU
		{B6EBC720-D6C5-43BA-BF8B-F237CAA2FA3B}.Release|Any CPU.ActiveCfg = Release|Any CPU
		{B6EBC720-D6C5-43BA-BF8B-F237CAA2FA3B}.Release|Any CPU.Build.0 = Release|Any CPU
	EndGlobalSection
	GlobalSection(SolutionProperties) = preSolution
		HideSolutionNode = FALSE
	EndGlobalSection
	GlobalSection(ExtensibilityGlobals) = postSolution
		SolutionGuid = {EE035ADF-0C4C-4575-A379-2C73DC0FB50C}
	EndGlobalSection
EndGlobal
